
Microsoft Visual Studio Solution File, Format Version 12.00
# Visual Studio Version 16
VisualStudioVersion = 16.0.35229.62
MinimumVisualStudioVersion = 10.0.40219.1
Project("{FAE04EC0-301F-11D3-BF4B-00C04F79EFBC}") = "CsvToHTML", "CsvToHTML.csproj", "{A5B241D2-979D-4FB7-A549-9B3DB2B3DAFF}"
EndProject
Global
	GlobalSection(SolutionConfigurationPlatforms) = preSolution
		Debug|Any CPU = Debug|Any CPU
		Release|Any CPU = Release|Any CPU
	EndGlobalSection
	GlobalSection(ProjectConfigurationPlatforms) = postSolution
		{A5B241D2-979D-4FB7-A549-9B3DB2B3DAFF}.Debug|Any CPU.ActiveCfg = Debug|Any CPU
		{A5B241D2-979D-4FB7-A549-9B3DB2B3DAFF}.Debug|Any CPU.Build.0 = Debug|Any CPU
		{A5B241D2-979D-4FB7-A549-9B3DB2B3DAFF}.Release|Any CPU.ActiveCfg = Release|Any CPU
		{A5B241D2-979D-4FB7-A549-9B3DB2B3DAFF}.Release|Any CPU.Build.0 = Release|Any CPU
	EndGlobalSection
	GlobalSection(SolutionProperties) = preSolution
		HideSolutionNode = FALSE
	EndGlobalSection
	GlobalSection(ExtensibilityGlobals) = postSolution
		SolutionGuid = {00AEB910-0CF4-42E3-BC96-DFC41B89558B}
	EndGlobalSection
EndGlobal
