
Microsoft Visual Studio Solution File, Format Version 12.00
# Visual Studio Version 16
VisualStudioVersion = 16.0.35229.62
MinimumVisualStudioVersion = 10.0.40219.1
Project("{FAE04EC0-301F-11D3-BF4B-00C04F79EFBC}") = "Calculator", "Calculator.csproj", "{DCA868B7-B610-4C95-B806-B0B5C4797409}"
EndProject
Global
	GlobalSection(SolutionConfigurationPlatforms) = preSolution
		Debug|Any CPU = Debug|Any CPU
		Release|Any CPU = Release|Any CPU
	EndGlobalSection
	GlobalSection(ProjectConfigurationPlatforms) = postSolution
		{DCA868B7-B610-4C95-B806-B0B5C4797409}.Debug|Any CPU.ActiveCfg = Debug|Any CPU
		{DCA868B7-B610-4C95-B806-B0B5C4797409}.Debug|Any CPU.Build.0 = Debug|Any CPU
		{DCA868B7-B610-4C95-B806-B0B5C4797409}.Release|Any CPU.ActiveCfg = Release|Any CPU
		{DCA868B7-B610-4C95-B806-B0B5C4797409}.Release|Any CPU.Build.0 = Release|Any CPU
	EndGlobalSection
	GlobalSection(SolutionProperties) = preSolution
		HideSolutionNode = FALSE
	EndGlobalSection
	GlobalSection(ExtensibilityGlobals) = postSolution
		SolutionGuid = {0D88CBD0-12ED-4D4C-A958-30E56BAC42A3}
	EndGlobalSection
EndGlobal
