
Microsoft Visual Studio Solution File, Format Version 12.00
# Visual Studio Version 16
VisualStudioVersion = 16.0.35229.62
MinimumVisualStudioVersion = 10.0.40219.1
Project("{9A19103F-16F7-4668-BE54-9A1E7A4F7556}") = "Database", "Database.csproj", "{9A57CEA7-9513-45D0-869C-AE753F13D10E}"
EndProject
Project("{9A19103F-16F7-4668-BE54-9A1E7A4F7556}") = "CsvToHTML", "..\CsvToHTML\CsvToHTML.csproj", "{FD4F12AB-2F5F-4F17-8BDA-4588E7E31E36}"
EndProject
Project("{FAE04EC0-301F-11D3-BF4B-00C04F79EFBC}") = "timer", "..\timer\timer.csproj", "{BD8ED770-3E5B-4111-9345-20B5E02BC332}"
EndProject
Global
	GlobalSection(SolutionConfigurationPlatforms) = preSolution
		Debug|Any CPU = Debug|Any CPU
		Release|Any CPU = Release|Any CPU
	EndGlobalSection
	GlobalSection(ProjectConfigurationPlatforms) = postSolution
		{9A57CEA7-9513-45D0-869C-AE753F13D10E}.Debug|Any CPU.ActiveCfg = Debug|Any CPU
		{9A57CEA7-9513-45D0-869C-AE753F13D10E}.Debug|Any CPU.Build.0 = Debug|Any CPU
		{9A57CEA7-9513-45D0-869C-AE753F13D10E}.Release|Any CPU.ActiveCfg = Release|Any CPU
		{9A57CEA7-9513-45D0-869C-AE753F13D10E}.Release|Any CPU.Build.0 = Release|Any CPU
		{FD4F12AB-2F5F-4F17-8BDA-4588E7E31E36}.Debug|Any CPU.ActiveCfg = Debug|Any CPU
		{FD4F12AB-2F5F-4F17-8BDA-4588E7E31E36}.Debug|Any CPU.Build.0 = Debug|Any CPU
		{FD4F12AB-2F5F-4F17-8BDA-4588E7E31E36}.Release|Any CPU.ActiveCfg = Release|Any CPU
		{FD4F12AB-2F5F-4F17-8BDA-4588E7E31E36}.Release|Any CPU.Build.0 = Release|Any CPU
		{BD8ED770-3E5B-4111-9345-20B5E02BC332}.Debug|Any CPU.ActiveCfg = Debug|Any CPU
		{BD8ED770-3E5B-4111-9345-20B5E02BC332}.Debug|Any CPU.Build.0 = Debug|Any CPU
		{BD8ED770-3E5B-4111-9345-20B5E02BC332}.Release|Any CPU.ActiveCfg = Release|Any CPU
		{BD8ED770-3E5B-4111-9345-20B5E02BC332}.Release|Any CPU.Build.0 = Release|Any CPU
	EndGlobalSection
	GlobalSection(SolutionProperties) = preSolution
		HideSolutionNode = FALSE
	EndGlobalSection
	GlobalSection(ExtensibilityGlobals) = postSolution
		SolutionGuid = {DD4FC6C5-5F9A-4F3E-9F7C-9BA2431FB392}
	EndGlobalSection
EndGlobal
